
Microsoft Visual Studio Solution File, Format Version 12.00
# Visual Studio 15
VisualStudioVersion = 15.0.28307.705
MinimumVisualStudioVersion = 10.0.40219.1
Project("{FAE04EC0-301F-11D3-BF4B-00C04F79EFBC}") = "Books.api", "Books.api\Books.api.csproj", "{80600B7E-0DED-47BD-96CF-1715458B31AD}"
EndProject
Global
	GlobalSection(SolutionConfigurationPlatforms) = preSolution
		Debug|Any CPU = Debug|Any CPU
		Release|Any CPU = Release|Any CPU
	EndGlobalSection
	GlobalSection(ProjectConfigurationPlatforms) = postSolution
		{80600B7E-0DED-47BD-96CF-1715458B31AD}.Debug|Any CPU.ActiveCfg = Debug|Any CPU
		{80600B7E-0DED-47BD-96CF-1715458B31AD}.Debug|Any CPU.Build.0 = Debug|Any CPU
		{80600B7E-0DED-47BD-96CF-1715458B31AD}.Release|Any CPU.ActiveCfg = Release|Any CPU
		{80600B7E-0DED-47BD-96CF-1715458B31AD}.Release|Any CPU.Build.0 = Release|Any CPU
	EndGlobalSection
	GlobalSection(SolutionProperties) = preSolution
		HideSolutionNode = FALSE
	EndGlobalSection
	GlobalSection(ExtensibilityGlobals) = postSolution
		SolutionGuid = {5029E69C-ED97-41FB-9A86-509970D4F50E}
	EndGlobalSection
EndGlobal
